
Microsoft Visual Studio Solution File, Format Version 12.00
# Visual Studio 15
VisualStudioVersion = 15.0.26730.10
MinimumVisualStudioVersion = 10.0.40219.1
Project("{FAE04EC0-301F-11D3-BF4B-00C04F79EFBC}") = "EmbededFontSampleApp", "EmbededFontSampleApp\EmbededFontSampleApp.csproj", "{C1AF2433-50AA-4EBB-A602-03347469E334}"
EndProject
Global
	GlobalSection(SolutionConfigurationPlatforms) = preSolution
		Debug|Any CPU = Debug|Any CPU
		Release|Any CPU = Release|Any CPU
	EndGlobalSection
	GlobalSection(ProjectConfigurationPlatforms) = postSolution
		{C1AF2433-50AA-4EBB-A602-03347469E334}.Debug|Any CPU.ActiveCfg = Debug|Any CPU
		{C1AF2433-50AA-4EBB-A602-03347469E334}.Debug|Any CPU.Build.0 = Debug|Any CPU
		{C1AF2433-50AA-4EBB-A602-03347469E334}.Release|Any CPU.ActiveCfg = Release|Any CPU
		{C1AF2433-50AA-4EBB-A602-03347469E334}.Release|Any CPU.Build.0 = Release|Any CPU
	EndGlobalSection
	GlobalSection(SolutionProperties) = preSolution
		HideSolutionNode = FALSE
	EndGlobalSection
	GlobalSection(ExtensibilityGlobals) = postSolution
		SolutionGuid = {556F9DF4-32DD-4842-8FEA-4F93B2A14E59}
	EndGlobalSection
EndGlobal
